// !$*UTF8*$!
{
	archiveVersion = 1;
	classes = {
	};
	objectVersion = 56;
	objects = {

/* Begin PBXBuildFile section */
		0CAB86B45DE46ACA5365B57A /* Pods_GalleryTests.framework in Frameworks */ = {isa = PBXBuildFile; fileRef = B312C6A2148519F764AE22C2 /* Pods_GalleryTests.framework */; };
		A0C2D7372B44677600F64E61 /* ImageGalleryCell.swift in Sources */ = {isa = PBXBuildFile; fileRef = A0C2D7362B44677600F64E61 /* ImageGalleryCell.swift */; };
		A0C2D73A2B4484B500F64E61 /* BaseCollectionViewCell.swift in Sources */ = {isa = PBXBuildFile; fileRef = A0C2D7392B4484B500F64E61 /* BaseCollectionViewCell.swift */; };
		A0F743BB2B3F628F001C4202 /* AppDelegate.swift in Sources */ = {isa = PBXBuildFile; fileRef = A0F743BA2B3F628F001C4202 /* AppDelegate.swift */; };
		A0F743BD2B3F628F001C4202 /* SceneDelegate.swift in Sources */ = {isa = PBXBuildFile; fileRef = A0F743BC2B3F628F001C4202 /* SceneDelegate.swift */; };
		A0F743BF2B3F628F001C4202 /* ImageGalleryViewController.swift in Sources */ = {isa = PBXBuildFile; fileRef = A0F743BE2B3F628F001C4202 /* ImageGalleryViewController.swift */; };
		A0F743C52B3F628F001C4202 /* Gallery.xcdatamodeld in Sources */ = {isa = PBXBuildFile; fileRef = A0F743C32B3F628F001C4202 /* Gallery.xcdatamodeld */; };
		A0F743C72B3F6291001C4202 /* Assets.xcassets in Resources */ = {isa = PBXBuildFile; fileRef = A0F743C62B3F6291001C4202 /* Assets.xcassets */; };
		A0F743CA2B3F6291001C4202 /* LaunchScreen.storyboard in Resources */ = {isa = PBXBuildFile; fileRef = A0F743C82B3F6291001C4202 /* LaunchScreen.storyboard */; };
		A0F743D52B3F6291001C4202 /* GalleryTests.swift in Sources */ = {isa = PBXBuildFile; fileRef = A0F743D42B3F6291001C4202 /* GalleryTests.swift */; };
		A0F743DF2B3F6291001C4202 /* GalleryUITests.swift in Sources */ = {isa = PBXBuildFile; fileRef = A0F743DE2B3F6291001C4202 /* GalleryUITests.swift */; };
		A0F743E12B3F6291001C4202 /* GalleryUITestsLaunchTests.swift in Sources */ = {isa = PBXBuildFile; fileRef = A0F743E02B3F6291001C4202 /* GalleryUITestsLaunchTests.swift */; };
		A0F743EF2B3F66E5001C4202 /* ImageGalleryViewModel.swift in Sources */ = {isa = PBXBuildFile; fileRef = A0F743EE2B3F66E5001C4202 /* ImageGalleryViewModel.swift */; };
		A0F743F12B3F66F2001C4202 /* ImageGalleryView.swift in Sources */ = {isa = PBXBuildFile; fileRef = A0F743F02B3F66F2001C4202 /* ImageGalleryView.swift */; };
		A0F743F32B3F66FB001C4202 /* ImageGalleryViewModeling.swift in Sources */ = {isa = PBXBuildFile; fileRef = A0F743F22B3F66FB001C4202 /* ImageGalleryViewModeling.swift */; };
		BFB49EDCF254012B81095295 /* Pods_Gallery.framework in Frameworks */ = {isa = PBXBuildFile; fileRef = 8AF3390639CEBB6D183CF616 /* Pods_Gallery.framework */; };
		F9846FF1F0B3D2622988267E /* Pods_Gallery_GalleryUITests.framework in Frameworks */ = {isa = PBXBuildFile; fileRef = A8CF2F1D6EFB239007657872 /* Pods_Gallery_GalleryUITests.framework */; };
/* End PBXBuildFile section */

/* Begin PBXContainerItemProxy section */
		A0F743D12B3F6291001C4202 /* PBXContainerItemProxy */ = {
			isa = PBXContainerItemProxy;
			containerPortal = A0F743AF2B3F628F001C4202 /* Project object */;
			proxyType = 1;
			remoteGlobalIDString = A0F743B62B3F628F001C4202;
			remoteInfo = Gallery;
		};
		A0F743DB2B3F6291001C4202 /* PBXContainerItemProxy */ = {
			isa = PBXContainerItemProxy;
			containerPortal = A0F743AF2B3F628F001C4202 /* Project object */;
			proxyType = 1;
			remoteGlobalIDString = A0F743B62B3F628F001C4202;
			remoteInfo = Gallery;
		};
/* End PBXContainerItemProxy section */

/* Begin PBXFileReference section */
		1DD02FA552A3CB228237C38E /* Pods-Gallery.release.xcconfig */ = {isa = PBXFileReference; includeInIndex = 1; lastKnownFileType = text.xcconfig; name = "Pods-Gallery.release.xcconfig"; path = "Target Support Files/Pods-Gallery/Pods-Gallery.release.xcconfig"; sourceTree = "<group>"; };
		8AF3390639CEBB6D183CF616 /* Pods_Gallery.framework */ = {isa = PBXFileReference; explicitFileType = wrapper.framework; includeInIndex = 0; path = Pods_Gallery.framework; sourceTree = BUILT_PRODUCTS_DIR; };
		9FE4FAE253D666F8A69888DC /* Pods-GalleryTests.release.xcconfig */ = {isa = PBXFileReference; includeInIndex = 1; lastKnownFileType = text.xcconfig; name = "Pods-GalleryTests.release.xcconfig"; path = "Target Support Files/Pods-GalleryTests/Pods-GalleryTests.release.xcconfig"; sourceTree = "<group>"; };
		A0C2D7362B44677600F64E61 /* ImageGalleryCell.swift */ = {isa = PBXFileReference; lastKnownFileType = sourcecode.swift; path = ImageGalleryCell.swift; sourceTree = "<group>"; };
		A0C2D7392B4484B500F64E61 /* BaseCollectionViewCell.swift */ = {isa = PBXFileReference; lastKnownFileType = sourcecode.swift; path = BaseCollectionViewCell.swift; sourceTree = "<group>"; };
		A0F743B72B3F628F001C4202 /* Gallery.app */ = {isa = PBXFileReference; explicitFileType = wrapper.application; includeInIndex = 0; path = Gallery.app; sourceTree = BUILT_PRODUCTS_DIR; };
		A0F743BA2B3F628F001C4202 /* AppDelegate.swift */ = {isa = PBXFileReference; lastKnownFileType = sourcecode.swift; path = AppDelegate.swift; sourceTree = "<group>"; };
		A0F743BC2B3F628F001C4202 /* SceneDelegate.swift */ = {isa = PBXFileReference; lastKnownFileType = sourcecode.swift; path = SceneDelegate.swift; sourceTree = "<group>"; };
		A0F743BE2B3F628F001C4202 /* ImageGalleryViewController.swift */ = {isa = PBXFileReference; lastKnownFileType = sourcecode.swift; path = ImageGalleryViewController.swift; sourceTree = "<group>"; };
		A0F743C42B3F628F001C4202 /* Gallery.xcdatamodel */ = {isa = PBXFileReference; lastKnownFileType = wrapper.xcdatamodel; path = Gallery.xcdatamodel; sourceTree = "<group>"; };
		A0F743C62B3F6291001C4202 /* Assets.xcassets */ = {isa = PBXFileReference; lastKnownFileType = folder.assetcatalog; path = Assets.xcassets; sourceTree = "<group>"; };
		A0F743C92B3F6291001C4202 /* Base */ = {isa = PBXFileReference; lastKnownFileType = file.storyboard; name = Base; path = Base.lproj/LaunchScreen.storyboard; sourceTree = "<group>"; };
		A0F743CB2B3F6291001C4202 /* Info.plist */ = {isa = PBXFileReference; lastKnownFileType = text.plist.xml; path = Info.plist; sourceTree = "<group>"; };
		A0F743D02B3F6291001C4202 /* GalleryTests.xctest */ = {isa = PBXFileReference; explicitFileType = wrapper.cfbundle; includeInIndex = 0; path = GalleryTests.xctest; sourceTree = BUILT_PRODUCTS_DIR; };
		A0F743D42B3F6291001C4202 /* GalleryTests.swift */ = {isa = PBXFileReference; lastKnownFileType = sourcecode.swift; path = GalleryTests.swift; sourceTree = "<group>"; };
		A0F743DA2B3F6291001C4202 /* GalleryUITests.xctest */ = {isa = PBXFileReference; explicitFileType = wrapper.cfbundle; includeInIndex = 0; path = GalleryUITests.xctest; sourceTree = BUILT_PRODUCTS_DIR; };
		A0F743DE2B3F6291001C4202 /* GalleryUITests.swift */ = {isa = PBXFileReference; lastKnownFileType = sourcecode.swift; path = GalleryUITests.swift; sourceTree = "<group>"; };
		A0F743E02B3F6291001C4202 /* GalleryUITestsLaunchTests.swift */ = {isa = PBXFileReference; lastKnownFileType = sourcecode.swift; path = GalleryUITestsLaunchTests.swift; sourceTree = "<group>"; };
		A0F743EE2B3F66E5001C4202 /* ImageGalleryViewModel.swift */ = {isa = PBXFileReference; lastKnownFileType = sourcecode.swift; path = ImageGalleryViewModel.swift; sourceTree = "<group>"; };
		A0F743F02B3F66F2001C4202 /* ImageGalleryView.swift */ = {isa = PBXFileReference; lastKnownFileType = sourcecode.swift; path = ImageGalleryView.swift; sourceTree = "<group>"; };
		A0F743F22B3F66FB001C4202 /* ImageGalleryViewModeling.swift */ = {isa = PBXFileReference; lastKnownFileType = sourcecode.swift; path = ImageGalleryViewModeling.swift; sourceTree = "<group>"; };
		A6CCFD7BB86CD22921FE86D9 /* Pods-GalleryTests.debug.xcconfig */ = {isa = PBXFileReference; includeInIndex = 1; lastKnownFileType = text.xcconfig; name = "Pods-GalleryTests.debug.xcconfig"; path = "Target Support Files/Pods-GalleryTests/Pods-GalleryTests.debug.xcconfig"; sourceTree = "<group>"; };
		A8CF2F1D6EFB239007657872 /* Pods_Gallery_GalleryUITests.framework */ = {isa = PBXFileReference; explicitFileType = wrapper.framework; includeInIndex = 0; path = Pods_Gallery_GalleryUITests.framework; sourceTree = BUILT_PRODUCTS_DIR; };
		B312C6A2148519F764AE22C2 /* Pods_GalleryTests.framework */ = {isa = PBXFileReference; explicitFileType = wrapper.framework; includeInIndex = 0; path = Pods_GalleryTests.framework; sourceTree = BUILT_PRODUCTS_DIR; };
		C1BB8D3F0785767A73221486 /* Pods-Gallery-GalleryUITests.debug.xcconfig */ = {isa = PBXFileReference; includeInIndex = 1; lastKnownFileType = text.xcconfig; name = "Pods-Gallery-GalleryUITests.debug.xcconfig"; path = "Target Support Files/Pods-Gallery-GalleryUITests/Pods-Gallery-GalleryUITests.debug.xcconfig"; sourceTree = "<group>"; };
		D16BD04AFA9CFA95521391D2 /* Pods-Gallery-GalleryUITests.release.xcconfig */ = {isa = PBXFileReference; includeInIndex = 1; lastKnownFileType = text.xcconfig; name = "Pods-Gallery-GalleryUITests.release.xcconfig"; path = "Target Support Files/Pods-Gallery-GalleryUITests/Pods-Gallery-GalleryUITests.release.xcconfig"; sourceTree = "<group>"; };
		E4BFC7C9745D06942C7972A2 /* Pods-Gallery.debug.xcconfig */ = {isa = PBXFileReference; includeInIndex = 1; lastKnownFileType = text.xcconfig; name = "Pods-Gallery.debug.xcconfig"; path = "Target Support Files/Pods-Gallery/Pods-Gallery.debug.xcconfig"; sourceTree = "<group>"; };
/* End PBXFileReference section */

/* Begin PBXFrameworksBuildPhase section */
		A0F743B42B3F628F001C4202 /* Frameworks */ = {
			isa = PBXFrameworksBuildPhase;
			buildActionMask = 2147483647;
			files = (
				BFB49EDCF254012B81095295 /* Pods_Gallery.framework in Frameworks */,
			);
			runOnlyForDeploymentPostprocessing = 0;
		};
		A0F743CD2B3F6291001C4202 /* Frameworks */ = {
			isa = PBXFrameworksBuildPhase;
			buildActionMask = 2147483647;
			files = (
				0CAB86B45DE46ACA5365B57A /* Pods_GalleryTests.framework in Frameworks */,
			);
			runOnlyForDeploymentPostprocessing = 0;
		};
		A0F743D72B3F6291001C4202 /* Frameworks */ = {
			isa = PBXFrameworksBuildPhase;
			buildActionMask = 2147483647;
			files = (
				F9846FF1F0B3D2622988267E /* Pods_Gallery_GalleryUITests.framework in Frameworks */,
			);
			runOnlyForDeploymentPostprocessing = 0;
		};
/* End PBXFrameworksBuildPhase section */

/* Begin PBXGroup section */
		456AD68ACC24CBF458BA82EC /* Pods */ = {
			isa = PBXGroup;
			children = (
				E4BFC7C9745D06942C7972A2 /* Pods-Gallery.debug.xcconfig */,
				1DD02FA552A3CB228237C38E /* Pods-Gallery.release.xcconfig */,
				C1BB8D3F0785767A73221486 /* Pods-Gallery-GalleryUITests.debug.xcconfig */,
				D16BD04AFA9CFA95521391D2 /* Pods-Gallery-GalleryUITests.release.xcconfig */,
				A6CCFD7BB86CD22921FE86D9 /* Pods-GalleryTests.debug.xcconfig */,
				9FE4FAE253D666F8A69888DC /* Pods-GalleryTests.release.xcconfig */,
			);
			path = Pods;
			sourceTree = "<group>";
		};
		A0C2D7352B44676300F64E61 /* Cells */ = {
			isa = PBXGroup;
			children = (
				A0C2D7362B44677600F64E61 /* ImageGalleryCell.swift */,
			);
			path = Cells;
			sourceTree = "<group>";
		};
		A0C2D7382B44849C00F64E61 /* BaseClasses */ = {
			isa = PBXGroup;
			children = (
				A0C2D7392B4484B500F64E61 /* BaseCollectionViewCell.swift */,
			);
			path = BaseClasses;
			sourceTree = "<group>";
		};
		A0F743AE2B3F628F001C4202 = {
			isa = PBXGroup;
			children = (
				A0F743B92B3F628F001C4202 /* Gallery */,
				A0F743D32B3F6291001C4202 /* GalleryTests */,
				A0F743DD2B3F6291001C4202 /* GalleryUITests */,
				A0F743B82B3F628F001C4202 /* Products */,
				456AD68ACC24CBF458BA82EC /* Pods */,
				BBE8862534D388FF011881A7 /* Frameworks */,
			);
			sourceTree = "<group>";
		};
		A0F743B82B3F628F001C4202 /* Products */ = {
			isa = PBXGroup;
			children = (
				A0F743B72B3F628F001C4202 /* Gallery.app */,
				A0F743D02B3F6291001C4202 /* GalleryTests.xctest */,
				A0F743DA2B3F6291001C4202 /* GalleryUITests.xctest */,
			);
			name = Products;
			sourceTree = "<group>";
		};
		A0F743B92B3F628F001C4202 /* Gallery */ = {
			isa = PBXGroup;
			children = (
				A0C2D7382B44849C00F64E61 /* BaseClasses */,
				A0F743ED2B3F6679001C4202 /* ImageGallery */,
				A0F743BA2B3F628F001C4202 /* AppDelegate.swift */,
				A0F743BC2B3F628F001C4202 /* SceneDelegate.swift */,
				A0F743C62B3F6291001C4202 /* Assets.xcassets */,
				A0F743C82B3F6291001C4202 /* LaunchScreen.storyboard */,
				A0F743CB2B3F6291001C4202 /* Info.plist */,
				A0F743C32B3F628F001C4202 /* Gallery.xcdatamodeld */,
			);
			path = Gallery;
			sourceTree = "<group>";
		};
		A0F743D32B3F6291001C4202 /* GalleryTests */ = {
			isa = PBXGroup;
			children = (
				A0F743D42B3F6291001C4202 /* GalleryTests.swift */,
			);
			path = GalleryTests;
			sourceTree = "<group>";
		};
		A0F743DD2B3F6291001C4202 /* GalleryUITests */ = {
			isa = PBXGroup;
			children = (
				A0F743DE2B3F6291001C4202 /* GalleryUITests.swift */,
				A0F743E02B3F6291001C4202 /* GalleryUITestsLaunchTests.swift */,
			);
			path = GalleryUITests;
			sourceTree = "<group>";
		};
		A0F743ED2B3F6679001C4202 /* ImageGallery */ = {
			isa = PBXGroup;
			children = (
				A0C2D7352B44676300F64E61 /* Cells */,
				A0F743F02B3F66F2001C4202 /* ImageGalleryView.swift */,
				A0F743BE2B3F628F001C4202 /* ImageGalleryViewController.swift */,
				A0F743EE2B3F66E5001C4202 /* ImageGalleryViewModel.swift */,
				A0F743F22B3F66FB001C4202 /* ImageGalleryViewModeling.swift */,
			);
			path = ImageGallery;
			sourceTree = "<group>";
		};
		BBE8862534D388FF011881A7 /* Frameworks */ = {
			isa = PBXGroup;
			children = (
				8AF3390639CEBB6D183CF616 /* Pods_Gallery.framework */,
				A8CF2F1D6EFB239007657872 /* Pods_Gallery_GalleryUITests.framework */,
				B312C6A2148519F764AE22C2 /* Pods_GalleryTests.framework */,
			);
			name = Frameworks;
			sourceTree = "<group>";
		};
/* End PBXGroup section */

/* Begin PBXNativeTarget section */
		A0F743B62B3F628F001C4202 /* Gallery */ = {
			isa = PBXNativeTarget;
			buildConfigurationList = A0F743E42B3F6291001C4202 /* Build configuration list for PBXNativeTarget "Gallery" */;
			buildPhases = (
				A7A9D8CF5DF882DCFBFB035B /* [CP] Check Pods Manifest.lock */,
				A0F743B32B3F628F001C4202 /* Sources */,
				A0F743B42B3F628F001C4202 /* Frameworks */,
				A0F743B52B3F628F001C4202 /* Resources */,
				B24431FD37CC66C3739DCBAF /* [CP] Embed Pods Frameworks */,
			);
			buildRules = (
			);
			dependencies = (
			);
			name = Gallery;
			productName = Gallery;
			productReference = A0F743B72B3F628F001C4202 /* Gallery.app */;
			productType = "com.apple.product-type.application";
		};
		A0F743CF2B3F6291001C4202 /* GalleryTests */ = {
			isa = PBXNativeTarget;
			buildConfigurationList = A0F743E72B3F6291001C4202 /* Build configuration list for PBXNativeTarget "GalleryTests" */;
			buildPhases = (
				96A08243C97E770F3C2E0B1E /* [CP] Check Pods Manifest.lock */,
				A0F743CC2B3F6291001C4202 /* Sources */,
				A0F743CD2B3F6291001C4202 /* Frameworks */,
				A0F743CE2B3F6291001C4202 /* Resources */,
			);
			buildRules = (
			);
			dependencies = (
				A0F743D22B3F6291001C4202 /* PBXTargetDependency */,
			);
			name = GalleryTests;
			productName = GalleryTests;
			productReference = A0F743D02B3F6291001C4202 /* GalleryTests.xctest */;
			productType = "com.apple.product-type.bundle.unit-test";
		};
		A0F743D92B3F6291001C4202 /* GalleryUITests */ = {
			isa = PBXNativeTarget;
			buildConfigurationList = A0F743EA2B3F6291001C4202 /* Build configuration list for PBXNativeTarget "GalleryUITests" */;
			buildPhases = (
				39DA93CC73AED40BA445265B /* [CP] Check Pods Manifest.lock */,
				A0F743D62B3F6291001C4202 /* Sources */,
				A0F743D72B3F6291001C4202 /* Frameworks */,
				A0F743D82B3F6291001C4202 /* Resources */,
				2939BAC021DC2E8F5DA21D4E /* [CP] Embed Pods Frameworks */,
			);
			buildRules = (
			);
			dependencies = (
				A0F743DC2B3F6291001C4202 /* PBXTargetDependency */,
			);
			name = GalleryUITests;
			productName = GalleryUITests;
			productReference = A0F743DA2B3F6291001C4202 /* GalleryUITests.xctest */;
			productType = "com.apple.product-type.bundle.ui-testing";
		};
/* End PBXNativeTarget section */

/* Begin PBXProject section */
		A0F743AF2B3F628F001C4202 /* Project object */ = {
			isa = PBXProject;
			attributes = {
				BuildIndependentTargetsInParallel = 1;
				LastSwiftUpdateCheck = 1510;
				LastUpgradeCheck = 1510;
				TargetAttributes = {
					A0F743B62B3F628F001C4202 = {
						CreatedOnToolsVersion = 15.1;
					};
					A0F743CF2B3F6291001C4202 = {
						CreatedOnToolsVersion = 15.1;
						TestTargetID = A0F743B62B3F628F001C4202;
					};
					A0F743D92B3F6291001C4202 = {
						CreatedOnToolsVersion = 15.1;
						TestTargetID = A0F743B62B3F628F001C4202;
					};
				};
			};
			buildConfigurationList = A0F743B22B3F628F001C4202 /* Build configuration list for PBXProject "Gallery" */;
			compatibilityVersion = "Xcode 14.0";
			developmentRegion = en;
			hasScannedForEncodings = 0;
			knownRegions = (
				en,
				Base,
			);
			mainGroup = A0F743AE2B3F628F001C4202;
			productRefGroup = A0F743B82B3F628F001C4202 /* Products */;
			projectDirPath = "";
			projectRoot = "";
			targets = (
				A0F743B62B3F628F001C4202 /* Gallery */,
				A0F743CF2B3F6291001C4202 /* GalleryTests */,
				A0F743D92B3F6291001C4202 /* GalleryUITests */,
			);
		};
/* End PBXProject section */

/* Begin PBXResourcesBuildPhase section */
		A0F743B52B3F628F001C4202 /* Resources */ = {
			isa = PBXResourcesBuildPhase;
			buildActionMask = 2147483647;
			files = (
				A0F743CA2B3F6291001C4202 /* LaunchScreen.storyboard in Resources */,
				A0F743C72B3F6291001C4202 /* Assets.xcassets in Resources */,
			);
			runOnlyForDeploymentPostprocessing = 0;
		};
		A0F743CE2B3F6291001C4202 /* Resources */ = {
			isa = PBXResourcesBuildPhase;
			buildActionMask = 2147483647;
			files = (
			);
			runOnlyForDeploymentPostprocessing = 0;
		};
		A0F743D82B3F6291001C4202 /* Resources */ = {
			isa = PBXResourcesBuildPhase;
			buildActionMask = 2147483647;
			files = (
			);
			runOnlyForDeploymentPostprocessing = 0;
		};
/* End PBXResourcesBuildPhase section */

/* Begin PBXShellScriptBuildPhase section */
		2939BAC021DC2E8F5DA21D4E /* [CP] Embed Pods Frameworks */ = {
			isa = PBXShellScriptBuildPhase;
			buildActionMask = 2147483647;
			files = (
			);
			inputFileListPaths = (
				"${PODS_ROOT}/Target Support Files/Pods-Gallery-GalleryUITests/Pods-Gallery-GalleryUITests-frameworks-${CONFIGURATION}-input-files.xcfilelist",
			);
			name = "[CP] Embed Pods Frameworks";
			outputFileListPaths = (
				"${PODS_ROOT}/Target Support Files/Pods-Gallery-GalleryUITests/Pods-Gallery-GalleryUITests-frameworks-${CONFIGURATION}-output-files.xcfilelist",
			);
			runOnlyForDeploymentPostprocessing = 0;
			shellPath = /bin/sh;
			shellScript = "\"${PODS_ROOT}/Target Support Files/Pods-Gallery-GalleryUITests/Pods-Gallery-GalleryUITests-frameworks.sh\"\n";
			showEnvVarsInLog = 0;
		};
		39DA93CC73AED40BA445265B /* [CP] Check Pods Manifest.lock */ = {
			isa = PBXShellScriptBuildPhase;
			buildActionMask = 2147483647;
			files = (
			);
			inputFileListPaths = (
			);
			inputPaths = (
				"${PODS_PODFILE_DIR_PATH}/Podfile.lock",
				"${PODS_ROOT}/Manifest.lock",
			);
			name = "[CP] Check Pods Manifest.lock";
			outputFileListPaths = (
			);
			outputPaths = (
				"$(DERIVED_FILE_DIR)/Pods-Gallery-GalleryUITests-checkManifestLockResult.txt",
			);
			runOnlyForDeploymentPostprocessing = 0;
			shellPath = /bin/sh;
			shellScript = "diff \"${PODS_PODFILE_DIR_PATH}/Podfile.lock\" \"${PODS_ROOT}/Manifest.lock\" > /dev/null\nif [ $? != 0 ] ; then\n    # print error to STDERR\n    echo \"error: The sandbox is not in sync with the Podfile.lock. Run 'pod install' or update your CocoaPods installation.\" >&2\n    exit 1\nfi\n# This output is used by Xcode 'outputs' to avoid re-running this script phase.\necho \"SUCCESS\" > \"${SCRIPT_OUTPUT_FILE_0}\"\n";
			showEnvVarsInLog = 0;
		};
		96A08243C97E770F3C2E0B1E /* [CP] Check Pods Manifest.lock */ = {
			isa = PBXShellScriptBuildPhase;
			buildActionMask = 2147483647;
			files = (
			);
			inputFileListPaths = (
			);
			inputPaths = (
				"${PODS_PODFILE_DIR_PATH}/Podfile.lock",
				"${PODS_ROOT}/Manifest.lock",
			);
			name = "[CP] Check Pods Manifest.lock";
			outputFileListPaths = (
			);
			outputPaths = (
				"$(DERIVED_FILE_DIR)/Pods-GalleryTests-checkManifestLockResult.txt",
			);
			runOnlyForDeploymentPostprocessing = 0;
			shellPath = /bin/sh;
			shellScript = "diff \"${PODS_PODFILE_DIR_PATH}/Podfile.lock\" \"${PODS_ROOT}/Manifest.lock\" > /dev/null\nif [ $? != 0 ] ; then\n    # print error to STDERR\n    echo \"error: The sandbox is not in sync with the Podfile.lock. Run 'pod install' or update your CocoaPods installation.\" >&2\n    exit 1\nfi\n# This output is used by Xcode 'outputs' to avoid re-running this script phase.\necho \"SUCCESS\" > \"${SCRIPT_OUTPUT_FILE_0}\"\n";
			showEnvVarsInLog = 0;
		};
		A7A9D8CF5DF882DCFBFB035B /* [CP] Check Pods Manifest.lock */ = {
			isa = PBXShellScriptBuildPhase;
			buildActionMask = 2147483647;
			files = (
			);
			inputFileListPaths = (
			);
			inputPaths = (
				"${PODS_PODFILE_DIR_PATH}/Podfile.lock",
				"${PODS_ROOT}/Manifest.lock",
			);
			name = "[CP] Check Pods Manifest.lock";
			outputFileListPaths = (
			);
			outputPaths = (
				"$(DERIVED_FILE_DIR)/Pods-Gallery-checkManifestLockResult.txt",
			);
			runOnlyForDeploymentPostprocessing = 0;
			shellPath = /bin/sh;
			shellScript = "diff \"${PODS_PODFILE_DIR_PATH}/Podfile.lock\" \"${PODS_ROOT}/Manifest.lock\" > /dev/null\nif [ $? != 0 ] ; then\n    # print error to STDERR\n    echo \"error: The sandbox is not in sync with the Podfile.lock. Run 'pod install' or update your CocoaPods installation.\" >&2\n    exit 1\nfi\n# This output is used by Xcode 'outputs' to avoid re-running this script phase.\necho \"SUCCESS\" > \"${SCRIPT_OUTPUT_FILE_0}\"\n";
			showEnvVarsInLog = 0;
		};
		B24431FD37CC66C3739DCBAF /* [CP] Embed Pods Frameworks */ = {
			isa = PBXShellScriptBuildPhase;
			buildActionMask = 2147483647;
			files = (
			);
			inputFileListPaths = (
				"${PODS_ROOT}/Target Support Files/Pods-Gallery/Pods-Gallery-frameworks-${CONFIGURATION}-input-files.xcfilelist",
			);
			name = "[CP] Embed Pods Frameworks";
			outputFileListPaths = (
				"${PODS_ROOT}/Target Support Files/Pods-Gallery/Pods-Gallery-frameworks-${CONFIGURATION}-output-files.xcfilelist",
			);
			runOnlyForDeploymentPostprocessing = 0;
			shellPath = /bin/sh;
			shellScript = "\"${PODS_ROOT}/Target Support Files/Pods-Gallery/Pods-Gallery-frameworks.sh\"\n";
			showEnvVarsInLog = 0;
		};
/* End PBXShellScriptBuildPhase section */

/* Begin PBXSourcesBuildPhase section */
		A0F743B32B3F628F001C4202 /* Sources */ = {
			isa = PBXSourcesBuildPhase;
			buildActionMask = 2147483647;
			files = (
				A0F743EF2B3F66E5001C4202 /* ImageGalleryViewModel.swift in Sources */,
				A0F743C52B3F628F001C4202 /* Gallery.xcdatamodeld in Sources */,
				A0C2D73A2B4484B500F64E61 /* BaseCollectionViewCell.swift in Sources */,
				A0F743BF2B3F628F001C4202 /* ImageGalleryViewController.swift in Sources */,
				A0F743F12B3F66F2001C4202 /* ImageGalleryView.swift in Sources */,
				A0C2D7372B44677600F64E61 /* ImageGalleryCell.swift in Sources */,
				A0F743BB2B3F628F001C4202 /* AppDelegate.swift in Sources */,
				A0F743BD2B3F628F001C4202 /* SceneDelegate.swift in Sources */,
				A0F743F32B3F66FB001C4202 /* ImageGalleryViewModeling.swift in Sources */,
			);
			runOnlyForDeploymentPostprocessing = 0;
		};
		A0F743CC2B3F6291001C4202 /* Sources */ = {
			isa = PBXSourcesBuildPhase;
			buildActionMask = 2147483647;
			files = (
				A0F743D52B3F6291001C4202 /* GalleryTests.swift in Sources */,
			);
			runOnlyForDeploymentPostprocessing = 0;
		};
		A0F743D62B3F6291001C4202 /* Sources */ = {
			isa = PBXSourcesBuildPhase;
			buildActionMask = 2147483647;
			files = (
				A0F743DF2B3F6291001C4202 /* GalleryUITests.swift in Sources */,
				A0F743E12B3F6291001C4202 /* GalleryUITestsLaunchTests.swift in Sources */,
			);
			runOnlyForDeploymentPostprocessing = 0;
		};
/* End PBXSourcesBuildPhase section */

/* Begin PBXTargetDependency section */
		A0F743D22B3F6291001C4202 /* PBXTargetDependency */ = {
			isa = PBXTargetDependency;
			target = A0F743B62B3F628F001C4202 /* Gallery */;
			targetProxy = A0F743D12B3F6291001C4202 /* PBXContainerItemProxy */;
		};
		A0F743DC2B3F6291001C4202 /* PBXTargetDependency */ = {
			isa = PBXTargetDependency;
			target = A0F743B62B3F628F001C4202 /* Gallery */;
			targetProxy = A0F743DB2B3F6291001C4202 /* PBXContainerItemProxy */;
		};
/* End PBXTargetDependency section */

/* Begin PBXVariantGroup section */
		A0F743C82B3F6291001C4202 /* LaunchScreen.storyboard */ = {
			isa = PBXVariantGroup;
			children = (
				A0F743C92B3F6291001C4202 /* Base */,
			);
			name = LaunchScreen.storyboard;
			sourceTree = "<group>";
		};
/* End PBXVariantGroup section */

/* Begin XCBuildConfiguration section */
		A0F743E22B3F6291001C4202 /* Debug */ = {
			isa = XCBuildConfiguration;
			buildSettings = {
				ALWAYS_SEARCH_USER_PATHS = NO;
				ASSETCATALOG_COMPILER_GENERATE_SWIFT_ASSET_SYMBOL_EXTENSIONS = YES;
				CLANG_ANALYZER_NONNULL = YES;
				CLANG_ANALYZER_NUMBER_OBJECT_CONVERSION = YES_AGGRESSIVE;
				CLANG_CXX_LANGUAGE_STANDARD = "gnu++20";
				CLANG_ENABLE_MODULES = YES;
				CLANG_ENABLE_OBJC_ARC = YES;
				CLANG_ENABLE_OBJC_WEAK = YES;
				CLANG_WARN_BLOCK_CAPTURE_AUTORELEASING = YES;
				CLANG_WARN_BOOL_CONVERSION = YES;
				CLANG_WARN_COMMA = YES;
				CLANG_WARN_CONSTANT_CONVERSION = YES;
				CLANG_WARN_DEPRECATED_OBJC_IMPLEMENTATIONS = YES;
				CLANG_WARN_DIRECT_OBJC_ISA_USAGE = YES_ERROR;
				CLANG_WARN_DOCUMENTATION_COMMENTS = YES;
				CLANG_WARN_EMPTY_BODY = YES;
				CLANG_WARN_ENUM_CONVERSION = YES;
				CLANG_WARN_INFINITE_RECURSION = YES;
				CLANG_WARN_INT_CONVERSION = YES;
				CLANG_WARN_NON_LITERAL_NULL_CONVERSION = YES;
				CLANG_WARN_OBJC_IMPLICIT_RETAIN_SELF = YES;
				CLANG_WARN_OBJC_LITERAL_CONVERSION = YES;
				CLANG_WARN_OBJC_ROOT_CLASS = YES_ERROR;
				CLANG_WARN_QUOTED_INCLUDE_IN_FRAMEWORK_HEADER = YES;
				CLANG_WARN_RANGE_LOOP_ANALYSIS = YES;
				CLANG_WARN_STRICT_PROTOTYPES = YES;
				CLANG_WARN_SUSPICIOUS_MOVE = YES;
				CLANG_WARN_UNGUARDED_AVAILABILITY = YES_AGGRESSIVE;
				CLANG_WARN_UNREACHABLE_CODE = YES;
				CLANG_WARN__DUPLICATE_METHOD_MATCH = YES;
				COPY_PHASE_STRIP = NO;
				DEBUG_INFORMATION_FORMAT = dwarf;
				ENABLE_STRICT_OBJC_MSGSEND = YES;
				ENABLE_TESTABILITY = YES;
				ENABLE_USER_SCRIPT_SANDBOXING = YES;
				GCC_C_LANGUAGE_STANDARD = gnu17;
				GCC_DYNAMIC_NO_PIC = NO;
				GCC_NO_COMMON_BLOCKS = YES;
				GCC_OPTIMIZATION_LEVEL = 0;
				GCC_PREPROCESSOR_DEFINITIONS = (
					"DEBUG=1",
					"$(inherited)",
				);
				GCC_WARN_64_TO_32_BIT_CONVERSION = YES;
				GCC_WARN_ABOUT_RETURN_TYPE = YES_ERROR;
				GCC_WARN_UNDECLARED_SELECTOR = YES;
				GCC_WARN_UNINITIALIZED_AUTOS = YES_AGGRESSIVE;
				GCC_WARN_UNUSED_FUNCTION = YES;
				GCC_WARN_UNUSED_VARIABLE = YES;
				IPHONEOS_DEPLOYMENT_TARGET = 17.2;
				LOCALIZATION_PREFERS_STRING_CATALOGS = YES;
				MTL_ENABLE_DEBUG_INFO = INCLUDE_SOURCE;
				MTL_FAST_MATH = YES;
				ONLY_ACTIVE_ARCH = YES;
				SDKROOT = iphoneos;
				SWIFT_ACTIVE_COMPILATION_CONDITIONS = "DEBUG $(inherited)";
				SWIFT_OPTIMIZATION_LEVEL = "-Onone";
			};
			name = Debug;
		};
		A0F743E32B3F6291001C4202 /* Release */ = {
			isa = XCBuildConfiguration;
			buildSettings = {
				ALWAYS_SEARCH_USER_PATHS = NO;
				ASSETCATALOG_COMPILER_GENERATE_SWIFT_ASSET_SYMBOL_EXTENSIONS = YES;
				CLANG_ANALYZER_NONNULL = YES;
				CLANG_ANALYZER_NUMBER_OBJECT_CONVERSION = YES_AGGRESSIVE;
				CLANG_CXX_LANGUAGE_STANDARD = "gnu++20";
				CLANG_ENABLE_MODULES = YES;
				CLANG_ENABLE_OBJC_ARC = YES;
				CLANG_ENABLE_OBJC_WEAK = YES;
				CLANG_WARN_BLOCK_CAPTURE_AUTORELEASING = YES;
				CLANG_WARN_BOOL_CONVERSION = YES;
				CLANG_WARN_COMMA = YES;
				CLANG_WARN_CONSTANT_CONVERSION = YES;
				CLANG_WARN_DEPRECATED_OBJC_IMPLEMENTATIONS = YES;
				CLANG_WARN_DIRECT_OBJC_ISA_USAGE = YES_ERROR;
				CLANG_WARN_DOCUMENTATION_COMMENTS = YES;
				CLANG_WARN_EMPTY_BODY = YES;
				CLANG_WARN_ENUM_CONVERSION = YES;
				CLANG_WARN_INFINITE_RECURSION = YES;
				CLANG_WARN_INT_CONVERSION = YES;
				CLANG_WARN_NON_LITERAL_NULL_CONVERSION = YES;
				CLANG_WARN_OBJC_IMPLICIT_RETAIN_SELF = YES;
				CLANG_WARN_OBJC_LITERAL_CONVERSION = YES;
				CLANG_WARN_OBJC_ROOT_CLASS = YES_ERROR;
				CLANG_WARN_QUOTED_INCLUDE_IN_FRAMEWORK_HEADER = YES;
				CLANG_WARN_RANGE_LOOP_ANALYSIS = YES;
				CLANG_WARN_STRICT_PROTOTYPES = YES;
				CLANG_WARN_SUSPICIOUS_MOVE = YES;
				CLANG_WARN_UNGUARDED_AVAILABILITY = YES_AGGRESSIVE;
				CLANG_WARN_UNREACHABLE_CODE = YES;
				CLANG_WARN__DUPLICATE_METHOD_MATCH = YES;
				COPY_PHASE_STRIP = NO;
				DEBUG_INFORMATION_FORMAT = "dwarf-with-dsym";
				ENABLE_NS_ASSERTIONS = NO;
				ENABLE_STRICT_OBJC_MSGSEND = YES;
				ENABLE_USER_SCRIPT_SANDBOXING = YES;
				GCC_C_LANGUAGE_STANDARD = gnu17;
				GCC_NO_COMMON_BLOCKS = YES;
				GCC_WARN_64_TO_32_BIT_CONVERSION = YES;
				GCC_WARN_ABOUT_RETURN_TYPE = YES_ERROR;
				GCC_WARN_UNDECLARED_SELECTOR = YES;
				GCC_WARN_UNINITIALIZED_AUTOS = YES_AGGRESSIVE;
				GCC_WARN_UNUSED_FUNCTION = YES;
				GCC_WARN_UNUSED_VARIABLE = YES;
				IPHONEOS_DEPLOYMENT_TARGET = 17.2;
				LOCALIZATION_PREFERS_STRING_CATALOGS = YES;
				MTL_ENABLE_DEBUG_INFO = NO;
				MTL_FAST_MATH = YES;
				SDKROOT = iphoneos;
				SWIFT_COMPILATION_MODE = wholemodule;
				VALIDATE_PRODUCT = YES;
			};
			name = Release;
		};
		A0F743E52B3F6291001C4202 /* Debug */ = {
			isa = XCBuildConfiguration;
			baseConfigurationReference = E4BFC7C9745D06942C7972A2 /* Pods-Gallery.debug.xcconfig */;
			buildSettings = {
				ASSETCATALOG_COMPILER_APPICON_NAME = AppIcon;
				ASSETCATALOG_COMPILER_GLOBAL_ACCENT_COLOR_NAME = AccentColor;
				CODE_SIGN_STYLE = Automatic;
				CURRENT_PROJECT_VERSION = 1;
				DEVELOPMENT_TEAM = 9D4ANAM6R4;
				ENABLE_USER_SCRIPT_SANDBOXING = NO;
				GENERATE_INFOPLIST_FILE = YES;
				INFOPLIST_FILE = Gallery/Info.plist;
				INFOPLIST_KEY_UIApplicationSupportsIndirectInputEvents = YES;
				INFOPLIST_KEY_UILaunchStoryboardName = LaunchScreen;
				INFOPLIST_KEY_UISupportedInterfaceOrientations_iPad = "UIInterfaceOrientationPortrait UIInterfaceOrientationPortraitUpsideDown UIInterfaceOrientationLandscapeLeft UIInterfaceOrientationLandscapeRight";
				INFOPLIST_KEY_UISupportedInterfaceOrientations_iPhone = "UIInterfaceOrientationPortrait UIInterfaceOrientationLandscapeLeft UIInterfaceOrientationLandscapeRight";
				LD_RUNPATH_SEARCH_PATHS = (
					"$(inherited)",
					"@executable_path/Frameworks",
				);
				MARKETING_VERSION = 1.0;
				PRODUCT_BUNDLE_IDENTIFIER = Company.Gallery;
				PRODUCT_NAME = "$(TARGET_NAME)";
				SWIFT_EMIT_LOC_STRINGS = YES;
				SWIFT_VERSION = 5.0;
				TARGETED_DEVICE_FAMILY = "1,2";
			};
			name = Debug;
		};
		A0F743E62B3F6291001C4202 /* Release */ = {
			isa = XCBuildConfiguration;
			baseConfigurationReference = 1DD02FA552A3CB228237C38E /* Pods-Gallery.release.xcconfig */;
			buildSettings = {
				ASSETCATALOG_COMPILER_APPICON_NAME = AppIcon;
				ASSETCATALOG_COMPILER_GLOBAL_ACCENT_COLOR_NAME = AccentColor;
				CODE_SIGN_STYLE = Automatic;
				CURRENT_PROJECT_VERSION = 1;
				DEVELOPMENT_TEAM = 9D4ANAM6R4;
				ENABLE_USER_SCRIPT_SANDBOXING = NO;
				GENERATE_INFOPLIST_FILE = YES;
				INFOPLIST_FILE = Gallery/Info.plist;
				INFOPLIST_KEY_UIApplicationSupportsIndirectInputEvents = YES;
				INFOPLIST_KEY_UILaunchStoryboardName = LaunchScreen;
				INFOPLIST_KEY_UISupportedInterfaceOrientations_iPad = "UIInterfaceOrientationPortrait UIInterfaceOrientationPortraitUpsideDown UIInterfaceOrientationLandscapeLeft UIInterfaceOrientationLandscapeRight";
				INFOPLIST_KEY_UISupportedInterfaceOrientations_iPhone = "UIInterfaceOrientationPortrait UIInterfaceOrientationLandscapeLeft UIInterfaceOrientationLandscapeRight";
				LD_RUNPATH_SEARCH_PATHS = (
					"$(inherited)",
					"@executable_path/Frameworks",
				);
				MARKETING_VERSION = 1.0;
				PRODUCT_BUNDLE_IDENTIFIER = Company.Gallery;
				PRODUCT_NAME = "$(TARGET_NAME)";
				SWIFT_EMIT_LOC_STRINGS = YES;
				SWIFT_VERSION = 5.0;
				TARGETED_DEVICE_FAMILY = "1,2";
			};
			name = Release;
		};
		A0F743E82B3F6291001C4202 /* Debug */ = {
			isa = XCBuildConfiguration;
			baseConfigurationReference = A6CCFD7BB86CD22921FE86D9 /* Pods-GalleryTests.debug.xcconfig */;
			buildSettings = {
				ALWAYS_EMBED_SWIFT_STANDARD_LIBRARIES = YES;
				BUNDLE_LOADER = "$(TEST_HOST)";
				CODE_SIGN_STYLE = Automatic;
				CURRENT_PROJECT_VERSION = 1;
				DEVELOPMENT_TEAM = 9D4ANAM6R4;
				GENERATE_INFOPLIST_FILE = YES;
				IPHONEOS_DEPLOYMENT_TARGET = 17.2;
				MARKETING_VERSION = 1.0;
				PRODUCT_BUNDLE_IDENTIFIER = Company.GalleryTests;
				PRODUCT_NAME = "$(TARGET_NAME)";
				SWIFT_EMIT_LOC_STRINGS = NO;
				SWIFT_VERSION = 5.0;
				TARGETED_DEVICE_FAMILY = "1,2";
				TEST_HOST = "$(BUILT_PRODUCTS_DIR)/Gallery.app/$(BUNDLE_EXECUTABLE_FOLDER_PATH)/Gallery";
			};
			name = Debug;
		};
		A0F743E92B3F6291001C4202 /* Release */ = {
			isa = XCBuildConfiguration;
			baseConfigurationReference = 9FE4FAE253D666F8A69888DC /* Pods-GalleryTests.release.xcconfig */;
			buildSettings = {
				ALWAYS_EMBED_SWIFT_STANDARD_LIBRARIES = YES;
				BUNDLE_LOADER = "$(TEST_HOST)";
				CODE_SIGN_STYLE = Automatic;
				CURRENT_PROJECT_VERSION = 1;
				DEVELOPMENT_TEAM = 9D4ANAM6R4;
				GENERATE_INFOPLIST_FILE = YES;
				IPHONEOS_DEPLOYMENT_TARGET = 17.2;
				MARKETING_VERSION = 1.0;
				PRODUCT_BUNDLE_IDENTIFIER = Company.GalleryTests;
				PRODUCT_NAME = "$(TARGET_NAME)";
				SWIFT_EMIT_LOC_STRINGS = NO;
				SWIFT_VERSION = 5.0;
				TARGETED_DEVICE_FAMILY = "1,2";
				TEST_HOST = "$(BUILT_PRODUCTS_DIR)/Gallery.app/$(BUNDLE_EXECUTABLE_FOLDER_PATH)/Gallery";
			};
			name = Release;
		};
		A0F743EB2B3F6291001C4202 /* Debug */ = {
			isa = XCBuildConfiguration;
			baseConfigurationReference = C1BB8D3F0785767A73221486 /* Pods-Gallery-GalleryUITests.debug.xcconfig */;
			buildSettings = {
				ALWAYS_EMBED_SWIFT_STANDARD_LIBRARIES = YES;
				CODE_SIGN_STYLE = Automatic;
				CURRENT_PROJECT_VERSION = 1;
				DEVELOPMENT_TEAM = 9D4ANAM6R4;
				GENERATE_INFOPLIST_FILE = YES;
				MARKETING_VERSION = 1.0;
				PRODUCT_BUNDLE_IDENTIFIER = Company.GalleryUITests;
				PRODUCT_NAME = "$(TARGET_NAME)";
				SWIFT_EMIT_LOC_STRINGS = NO;
				SWIFT_VERSION = 5.0;
				TARGETED_DEVICE_FAMILY = "1,2";
				TEST_TARGET_NAME = Gallery;
			};
			name = Debug;
		};
		A0F743EC2B3F6291001C4202 /* Release */ = {
			isa = XCBuildConfiguration;
			baseConfigurationReference = D16BD04AFA9CFA95521391D2 /* Pods-Gallery-GalleryUITests.release.xcconfig */;
			buildSettings = {
				ALWAYS_EMBED_SWIFT_STANDARD_LIBRARIES = YES;
				CODE_SIGN_STYLE = Automatic;
				CURRENT_PROJECT_VERSION = 1;
				DEVELOPMENT_TEAM = 9D4ANAM6R4;
				GENERATE_INFOPLIST_FILE = YES;
				MARKETING_VERSION = 1.0;
				PRODUCT_BUNDLE_IDENTIFIER = Company.GalleryUITests;
				PRODUCT_NAME = "$(TARGET_NAME)";
				SWIFT_EMIT_LOC_STRINGS = NO;
				SWIFT_VERSION = 5.0;
				TARGETED_DEVICE_FAMILY = "1,2";
				TEST_TARGET_NAME = Gallery;
			};
			name = Release;
		};
/* End XCBuildConfiguration section */

/* Begin XCConfigurationList section */
		A0F743B22B3F628F001C4202 /* Build configuration list for PBXProject "Gallery" */ = {
			isa = XCConfigurationList;
			buildConfigurations = (
				A0F743E22B3F6291001C4202 /* Debug */,
				A0F743E32B3F6291001C4202 /* Release */,
			);
			defaultConfigurationIsVisible = 0;
			defaultConfigurationName = Release;
		};
		A0F743E42B3F6291001C4202 /* Build configuration list for PBXNativeTarget "Gallery" */ = {
			isa = XCConfigurationList;
			buildConfigurations = (
				A0F743E52B3F6291001C4202 /* Debug */,
				A0F743E62B3F6291001C4202 /* Release */,
			);
			defaultConfigurationIsVisible = 0;
			defaultConfigurationName = Release;
		};
		A0F743E72B3F6291001C4202 /* Build configuration list for PBXNativeTarget "GalleryTests" */ = {
			isa = XCConfigurationList;
			buildConfigurations = (
				A0F743E82B3F6291001C4202 /* Debug */,
				A0F743E92B3F6291001C4202 /* Release */,
			);
			defaultConfigurationIsVisible = 0;
			defaultConfigurationName = Release;
		};
		A0F743EA2B3F6291001C4202 /* Build configuration list for PBXNativeTarget "GalleryUITests" */ = {
			isa = XCConfigurationList;
			buildConfigurations = (
				A0F743EB2B3F6291001C4202 /* Debug */,
				A0F743EC2B3F6291001C4202 /* Release */,
			);
			defaultConfigurationIsVisible = 0;
			defaultConfigurationName = Release;
		};
/* End XCConfigurationList section */

/* Begin XCVersionGroup section */
		A0F743C32B3F628F001C4202 /* Gallery.xcdatamodeld */ = {
			isa = XCVersionGroup;
			children = (
				A0F743C42B3F628F001C4202 /* Gallery.xcdatamodel */,
			);
			currentVersion = A0F743C42B3F628F001C4202 /* Gallery.xcdatamodel */;
			path = Gallery.xcdatamodeld;
			sourceTree = "<group>";
			versionGroupType = wrapper.xcdatamodel;
		};
/* End XCVersionGroup section */
	};
	rootObject = A0F743AF2B3F628F001C4202 /* Project object */;
}
